
Microsoft Visual Studio Solution File, Format Version 12.00
# Visual Studio 15
VisualStudioVersion = 15.0.27004.2009
MinimumVisualStudioVersion = 10.0.40219.1
Project("{FAE04EC0-301F-11D3-BF4B-00C04F79EFBC}") = "AkkaIOTest.Server", "AkkaIOTest.Server\AkkaIOTest.Server.csproj", "{CBF7B177-8AA8-442F-9854-365C273B1DB4}"
EndProject
Project("{FAE04EC0-301F-11D3-BF4B-00C04F79EFBC}") = "AkkaIOTest.Client", "AkkaIOTest.Client\AkkaIOTest.Client.csproj", "{352C74C7-00D7-4386-9F49-263F755630E2}"
EndProject
Project("{FAE04EC0-301F-11D3-BF4B-00C04F79EFBC}") = "AkkaIOTest.Shared", "AkkaIOTest.Shared\AkkaIOTest.Shared.csproj", "{D7D504C2-FD9E-472D-94FA-0E3A0214ECF1}"
EndProject
Global
	GlobalSection(SolutionConfigurationPlatforms) = preSolution
		Debug|Any CPU = Debug|Any CPU
		Release|Any CPU = Release|Any CPU
	EndGlobalSection
	GlobalSection(ProjectConfigurationPlatforms) = postSolution
		{CBF7B177-8AA8-442F-9854-365C273B1DB4}.Debug|Any CPU.ActiveCfg = Debug|Any CPU
		{CBF7B177-8AA8-442F-9854-365C273B1DB4}.Debug|Any CPU.Build.0 = Debug|Any CPU
		{CBF7B177-8AA8-442F-9854-365C273B1DB4}.Release|Any CPU.ActiveCfg = Release|Any CPU
		{CBF7B177-8AA8-442F-9854-365C273B1DB4}.Release|Any CPU.Build.0 = Release|Any CPU
		{352C74C7-00D7-4386-9F49-263F755630E2}.Debug|Any CPU.ActiveCfg = Debug|Any CPU
		{352C74C7-00D7-4386-9F49-263F755630E2}.Debug|Any CPU.Build.0 = Debug|Any CPU
		{352C74C7-00D7-4386-9F49-263F755630E2}.Release|Any CPU.ActiveCfg = Release|Any CPU
		{352C74C7-00D7-4386-9F49-263F755630E2}.Release|Any CPU.Build.0 = Release|Any CPU
		{D7D504C2-FD9E-472D-94FA-0E3A0214ECF1}.Debug|Any CPU.ActiveCfg = Debug|Any CPU
		{D7D504C2-FD9E-472D-94FA-0E3A0214ECF1}.Debug|Any CPU.Build.0 = Debug|Any CPU
		{D7D504C2-FD9E-472D-94FA-0E3A0214ECF1}.Release|Any CPU.ActiveCfg = Release|Any CPU
		{D7D504C2-FD9E-472D-94FA-0E3A0214ECF1}.Release|Any CPU.Build.0 = Release|Any CPU
	EndGlobalSection
	GlobalSection(SolutionProperties) = preSolution
		HideSolutionNode = FALSE
	EndGlobalSection
	GlobalSection(ExtensibilityGlobals) = postSolution
		SolutionGuid = {CDDA59F0-5FB5-40A9-91C8-FDB7E4A2D979}
	EndGlobalSection
EndGlobal
